
Microsoft Visual Studio Solution File, Format Version 12.00
# Visual Studio 14
VisualStudioVersion = 14.0.25420.1
MinimumVisualStudioVersion = 10.0.40219.1
Project("{FAE04EC0-301F-11D3-BF4B-00C04F79EFBC}") = "TDD_IO", "TDD_IO\TDD_IO.csproj", "{5B62636C-F35B-41EB-9993-69A21F137B74}"
EndProject
Project("{FAE04EC0-301F-11D3-BF4B-00C04F79EFBC}") = "ClassLibrary_NUnitTest", "ClassLibrary_NUnitTest\ClassLibrary_NUnitTest.csproj", "{9CE0E926-1D11-4F30-B40E-12E1C62DA65A}"
EndProject
Global
	GlobalSection(SolutionConfigurationPlatforms) = preSolution
		Debug|Any CPU = Debug|Any CPU
		Release|Any CPU = Release|Any CPU
	EndGlobalSection
	GlobalSection(ProjectConfigurationPlatforms) = postSolution
		{5B62636C-F35B-41EB-9993-69A21F137B74}.Debug|Any CPU.ActiveCfg = Debug|Any CPU
		{5B62636C-F35B-41EB-9993-69A21F137B74}.Debug|Any CPU.Build.0 = Debug|Any CPU
		{5B62636C-F35B-41EB-9993-69A21F137B74}.Release|Any CPU.ActiveCfg = Release|Any CPU
		{5B62636C-F35B-41EB-9993-69A21F137B74}.Release|Any CPU.Build.0 = Release|Any CPU
		{9CE0E926-1D11-4F30-B40E-12E1C62DA65A}.Debug|Any CPU.ActiveCfg = Debug|Any CPU
		{9CE0E926-1D11-4F30-B40E-12E1C62DA65A}.Debug|Any CPU.Build.0 = Debug|Any CPU
		{9CE0E926-1D11-4F30-B40E-12E1C62DA65A}.Release|Any CPU.ActiveCfg = Release|Any CPU
		{9CE0E926-1D11-4F30-B40E-12E1C62DA65A}.Release|Any CPU.Build.0 = Release|Any CPU
	EndGlobalSection
	GlobalSection(SolutionProperties) = preSolution
		HideSolutionNode = FALSE
	EndGlobalSection
EndGlobal
